
Microsoft Visual Studio Solution File, Format Version 12.00
# Visual Studio Version 17
VisualStudioVersion = 17.5.33424.131
MinimumVisualStudioVersion = 10.0.40219.1
Project("{FAE04EC0-301F-11D3-BF4B-00C04F79EFBC}") = "320210097_dm_project2", "320210097_dm_project2.csproj", "{332CF37C-4A0E-4076-8434-11426508BC63}"
EndProject
Global
	GlobalSection(SolutionConfigurationPlatforms) = preSolution
		Debug|Any CPU = Debug|Any CPU
		Release|Any CPU = Release|Any CPU
	EndGlobalSection
	GlobalSection(ProjectConfigurationPlatforms) = postSolution
		{332CF37C-4A0E-4076-8434-11426508BC63}.Debug|Any CPU.ActiveCfg = Debug|Any CPU
		{332CF37C-4A0E-4076-8434-11426508BC63}.Debug|Any CPU.Build.0 = Debug|Any CPU
		{332CF37C-4A0E-4076-8434-11426508BC63}.Release|Any CPU.ActiveCfg = Release|Any CPU
		{332CF37C-4A0E-4076-8434-11426508BC63}.Release|Any CPU.Build.0 = Release|Any CPU
	EndGlobalSection
	GlobalSection(SolutionProperties) = preSolution
		HideSolutionNode = FALSE
	EndGlobalSection
	GlobalSection(ExtensibilityGlobals) = postSolution
		SolutionGuid = {28615B97-B022-4CCF-8D64-94CAC3B42C2D}
	EndGlobalSection
EndGlobal
